// !$*UTF8*$!
{
	archiveVersion = 1;
	classes = {
	};
	objectVersion = 56;
	objects = {

/* Begin PBXBuildFile section */
		3D0ABE932C1C33740074F6C9 /* StartTrainingView.swift in Sources */ = {isa = PBXBuildFile; fileRef = 3D0ABE922C1C33740074F6C9 /* StartTrainingView.swift */; };
		3D0ABE972C1DA6330074F6C9 /* TrainingNotificationObserver.swift in Sources */ = {isa = PBXBuildFile; fileRef = 3D0ABE962C1DA6330074F6C9 /* TrainingNotificationObserver.swift */; };
		3D0ABE992C217C8C0074F6C9 /* Localizable.xcstrings in Resources */ = {isa = PBXBuildFile; fileRef = 3D0ABE982C217C8C0074F6C9 /* Localizable.xcstrings */; };
		3D0ABE9D2C2219560074F6C9 /* StartGymTrainingView.swift in Sources */ = {isa = PBXBuildFile; fileRef = 3D0ABE9C2C2219560074F6C9 /* StartGymTrainingView.swift */; };
		3D0ABEA02C22DBD40074F6C9 /* StartKarateTrainingView.swift in Sources */ = {isa = PBXBuildFile; fileRef = 3D0ABE9F2C22DBD30074F6C9 /* StartKarateTrainingView.swift */; };
		3D0ABEA22C22DBE00074F6C9 /* StartCustomTrainingView.swift in Sources */ = {isa = PBXBuildFile; fileRef = 3D0ABEA12C22DBE00074F6C9 /* StartCustomTrainingView.swift */; };
		3D1345892C186336001EF46E /* TrainingCellView.swift in Sources */ = {isa = PBXBuildFile; fileRef = 3D1345882C186336001EF46E /* TrainingCellView.swift */; };
		3D13458E2C18A4BD001EF46E /* ShareSheet.swift in Sources */ = {isa = PBXBuildFile; fileRef = 3D13458D2C18A4BD001EF46E /* ShareSheet.swift */; };
		3D1345902C18A7B3001EF46E /* TrainingsViewModel.swift in Sources */ = {isa = PBXBuildFile; fileRef = 3D13458F2C18A7B3001EF46E /* TrainingsViewModel.swift */; };
		3D1345922C18E3AA001EF46E /* TrainingNotificationService.swift in Sources */ = {isa = PBXBuildFile; fileRef = 3D1345912C18E3AA001EF46E /* TrainingNotificationService.swift */; };
		3D4691282C2AB7C200562934 /* InlineSnapshotTesting in Frameworks */ = {isa = PBXBuildFile; productRef = 3D4691272C2AB7C200562934 /* InlineSnapshotTesting */; };
		3D46912A2C2AB7C200562934 /* SnapshotTesting in Frameworks */ = {isa = PBXBuildFile; productRef = 3D4691292C2AB7C200562934 /* SnapshotTesting */; };
		3D46912C2C2AB7DC00562934 /* Snapshots.swift in Sources */ = {isa = PBXBuildFile; fileRef = 3D46912B2C2AB7DC00562934 /* Snapshots.swift */; };
		3D46912E2C2ABF4900562934 /* Snapshots in Resources */ = {isa = PBXBuildFile; fileRef = 3D46912D2C2ABF4900562934 /* Snapshots */; };
		3D7399A02C047F2000B647C0 /* FPlannerApp.swift in Sources */ = {isa = PBXBuildFile; fileRef = 3D73999F2C047F2000B647C0 /* FPlannerApp.swift */; };
		3D7399A22C047F2000B647C0 /* ContentView.swift in Sources */ = {isa = PBXBuildFile; fileRef = 3D7399A12C047F2000B647C0 /* ContentView.swift */; };
		3D7399A42C047F2000B647C0 /* Training.swift in Sources */ = {isa = PBXBuildFile; fileRef = 3D7399A32C047F2000B647C0 /* Training.swift */; };
		3D7399A62C047F2200B647C0 /* Assets.xcassets in Resources */ = {isa = PBXBuildFile; fileRef = 3D7399A52C047F2200B647C0 /* Assets.xcassets */; };
		3D7399A92C047F2200B647C0 /* Preview Assets.xcassets in Resources */ = {isa = PBXBuildFile; fileRef = 3D7399A82C047F2200B647C0 /* Preview Assets.xcassets */; };
		3D7399B32C047F2200B647C0 /* FPlannerTests.swift in Sources */ = {isa = PBXBuildFile; fileRef = 3D7399B22C047F2200B647C0 /* FPlannerTests.swift */; };
		3D7399BD2C047F2200B647C0 /* FPlannerUITests.swift in Sources */ = {isa = PBXBuildFile; fileRef = 3D7399BC2C047F2200B647C0 /* FPlannerUITests.swift */; };
		3D7399BF2C047F2200B647C0 /* FPlannerUITestsLaunchTests.swift in Sources */ = {isa = PBXBuildFile; fileRef = 3D7399BE2C047F2200B647C0 /* FPlannerUITestsLaunchTests.swift */; };
		3DA24EEF2C3BCDE900690E2E /* StartKarateTrainingViewModel.swift in Sources */ = {isa = PBXBuildFile; fileRef = 3DA24EEE2C3BCDE900690E2E /* StartKarateTrainingViewModel.swift */; };
		3DA24EF42C3BD42B00690E2E /* StartCustomTrainingViewModel.swift in Sources */ = {isa = PBXBuildFile; fileRef = 3DA24EF32C3BD42B00690E2E /* StartCustomTrainingViewModel.swift */; };
		3DA24EF62C3BD44600690E2E /* StartGymTrainingViewModel.swift in Sources */ = {isa = PBXBuildFile; fileRef = 3DA24EF52C3BD44600690E2E /* StartGymTrainingViewModel.swift */; };
		3DF007B32C074AE700ECE37C /* Exercise.swift in Sources */ = {isa = PBXBuildFile; fileRef = 3DF007B22C074AE700ECE37C /* Exercise.swift */; };
		3DF007BC2C086BD200ECE37C /* README.md in Resources */ = {isa = PBXBuildFile; fileRef = 3DF007BB2C086BD200ECE37C /* README.md */; };
		3DF007C02C0B2A4F00ECE37C /* TrainingsView.swift in Sources */ = {isa = PBXBuildFile; fileRef = 3DF007BF2C0B2A4F00ECE37C /* TrainingsView.swift */; };
		3DF007C22C0B2AD600ECE37C /* MainView.swift in Sources */ = {isa = PBXBuildFile; fileRef = 3DF007C12C0B2AD600ECE37C /* MainView.swift */; };
		3DF007C52C0B2D5400ECE37C /* TrainingView.swift in Sources */ = {isa = PBXBuildFile; fileRef = 3DF007C42C0B2D5400ECE37C /* TrainingView.swift */; };
		3DF007C92C0C553C00ECE37C /* GymExerciseView.swift in Sources */ = {isa = PBXBuildFile; fileRef = 3DF007C82C0C553B00ECE37C /* GymExerciseView.swift */; };
		3DF007CB2C0C56A100ECE37C /* CustomExerciseView.swift in Sources */ = {isa = PBXBuildFile; fileRef = 3DF007CA2C0C56A100ECE37C /* CustomExerciseView.swift */; };
		3DF0083D2C0F35B900ECE37C /* TrainingViewModel.swift in Sources */ = {isa = PBXBuildFile; fileRef = 3DF0083C2C0F35B900ECE37C /* TrainingViewModel.swift */; };
		3DF008412C1096A700ECE37C /* Training.xcdatamodeld in Sources */ = {isa = PBXBuildFile; fileRef = 3DF0083F2C1096A700ECE37C /* Training.xcdatamodeld */; };
		3DF008452C10A76400ECE37C /* ExerciseListView.swift in Sources */ = {isa = PBXBuildFile; fileRef = 3DF008442C10A76400ECE37C /* ExerciseListView.swift */; };
		3DF008472C11B13800ECE37C /* TrainingType.swift in Sources */ = {isa = PBXBuildFile; fileRef = 3DF008462C11B13800ECE37C /* TrainingType.swift */; };
		3DF0084C2C11B59D00ECE37C /* KarateExerciseView.swift in Sources */ = {isa = PBXBuildFile; fileRef = 3DF0084B2C11B59D00ECE37C /* KarateExerciseView.swift */; };
/* End PBXBuildFile section */

/* Begin PBXContainerItemProxy section */
		3D7399AF2C047F2200B647C0 /* PBXContainerItemProxy */ = {
			isa = PBXContainerItemProxy;
			containerPortal = 3D7399942C047F2000B647C0 /* Project object */;
			proxyType = 1;
			remoteGlobalIDString = 3D73999B2C047F2000B647C0;
			remoteInfo = FPlanner;
		};
		3D7399B92C047F2200B647C0 /* PBXContainerItemProxy */ = {
			isa = PBXContainerItemProxy;
			containerPortal = 3D7399942C047F2000B647C0 /* Project object */;
			proxyType = 1;
			remoteGlobalIDString = 3D73999B2C047F2000B647C0;
			remoteInfo = FPlanner;
		};
/* End PBXContainerItemProxy section */

/* Begin PBXFileReference section */
		3D0ABE922C1C33740074F6C9 /* StartTrainingView.swift */ = {isa = PBXFileReference; lastKnownFileType = sourcecode.swift; path = StartTrainingView.swift; sourceTree = "<group>"; };
		3D0ABE962C1DA6330074F6C9 /* TrainingNotificationObserver.swift */ = {isa = PBXFileReference; lastKnownFileType = sourcecode.swift; path = TrainingNotificationObserver.swift; sourceTree = "<group>"; };
		3D0ABE982C217C8C0074F6C9 /* Localizable.xcstrings */ = {isa = PBXFileReference; lastKnownFileType = text.json.xcstrings; path = Localizable.xcstrings; sourceTree = "<group>"; };
		3D0ABE9C2C2219560074F6C9 /* StartGymTrainingView.swift */ = {isa = PBXFileReference; lastKnownFileType = sourcecode.swift; path = StartGymTrainingView.swift; sourceTree = "<group>"; };
		3D0ABE9F2C22DBD30074F6C9 /* StartKarateTrainingView.swift */ = {isa = PBXFileReference; lastKnownFileType = sourcecode.swift; path = StartKarateTrainingView.swift; sourceTree = "<group>"; };
		3D0ABEA12C22DBE00074F6C9 /* StartCustomTrainingView.swift */ = {isa = PBXFileReference; lastKnownFileType = sourcecode.swift; path = StartCustomTrainingView.swift; sourceTree = "<group>"; };
		3D1345882C186336001EF46E /* TrainingCellView.swift */ = {isa = PBXFileReference; lastKnownFileType = sourcecode.swift; path = TrainingCellView.swift; sourceTree = "<group>"; };
		3D13458D2C18A4BD001EF46E /* ShareSheet.swift */ = {isa = PBXFileReference; lastKnownFileType = sourcecode.swift; path = ShareSheet.swift; sourceTree = "<group>"; };
		3D13458F2C18A7B3001EF46E /* TrainingsViewModel.swift */ = {isa = PBXFileReference; lastKnownFileType = sourcecode.swift; path = TrainingsViewModel.swift; sourceTree = "<group>"; };
		3D1345912C18E3AA001EF46E /* TrainingNotificationService.swift */ = {isa = PBXFileReference; lastKnownFileType = sourcecode.swift; path = TrainingNotificationService.swift; sourceTree = "<group>"; };
		3D1345932C18F2B7001EF46E /* Info.plist */ = {isa = PBXFileReference; lastKnownFileType = text.plist; path = Info.plist; sourceTree = "<group>"; };
		3D46912B2C2AB7DC00562934 /* Snapshots.swift */ = {isa = PBXFileReference; lastKnownFileType = sourcecode.swift; path = Snapshots.swift; sourceTree = "<group>"; };
		3D46912D2C2ABF4900562934 /* Snapshots */ = {isa = PBXFileReference; lastKnownFileType = folder; name = Snapshots; path = __Snapshots__/Snapshots; sourceTree = "<group>"; };
		3D73999C2C047F2000B647C0 /* FPlanner.app */ = {isa = PBXFileReference; explicitFileType = wrapper.application; includeInIndex = 0; path = FPlanner.app; sourceTree = BUILT_PRODUCTS_DIR; };
		3D73999F2C047F2000B647C0 /* FPlannerApp.swift */ = {isa = PBXFileReference; lastKnownFileType = sourcecode.swift; path = FPlannerApp.swift; sourceTree = "<group>"; };
		3D7399A12C047F2000B647C0 /* ContentView.swift */ = {isa = PBXFileReference; lastKnownFileType = sourcecode.swift; path = ContentView.swift; sourceTree = "<group>"; };
		3D7399A32C047F2000B647C0 /* Training.swift */ = {isa = PBXFileReference; lastKnownFileType = sourcecode.swift; path = Training.swift; sourceTree = "<group>"; };
		3D7399A52C047F2200B647C0 /* Assets.xcassets */ = {isa = PBXFileReference; lastKnownFileType = folder.assetcatalog; path = Assets.xcassets; sourceTree = "<group>"; };
		3D7399A82C047F2200B647C0 /* Preview Assets.xcassets */ = {isa = PBXFileReference; lastKnownFileType = folder.assetcatalog; path = "Preview Assets.xcassets"; sourceTree = "<group>"; };
		3D7399AE2C047F2200B647C0 /* FPlannerTests.xctest */ = {isa = PBXFileReference; explicitFileType = wrapper.cfbundle; includeInIndex = 0; path = FPlannerTests.xctest; sourceTree = BUILT_PRODUCTS_DIR; };
		3D7399B22C047F2200B647C0 /* FPlannerTests.swift */ = {isa = PBXFileReference; lastKnownFileType = sourcecode.swift; path = FPlannerTests.swift; sourceTree = "<group>"; };
		3D7399B82C047F2200B647C0 /* FPlannerUITests.xctest */ = {isa = PBXFileReference; explicitFileType = wrapper.cfbundle; includeInIndex = 0; path = FPlannerUITests.xctest; sourceTree = BUILT_PRODUCTS_DIR; };
		3D7399BC2C047F2200B647C0 /* FPlannerUITests.swift */ = {isa = PBXFileReference; lastKnownFileType = sourcecode.swift; path = FPlannerUITests.swift; sourceTree = "<group>"; };
		3D7399BE2C047F2200B647C0 /* FPlannerUITestsLaunchTests.swift */ = {isa = PBXFileReference; lastKnownFileType = sourcecode.swift; path = FPlannerUITestsLaunchTests.swift; sourceTree = "<group>"; };
		3DA24EEE2C3BCDE900690E2E /* StartKarateTrainingViewModel.swift */ = {isa = PBXFileReference; lastKnownFileType = sourcecode.swift; path = StartKarateTrainingViewModel.swift; sourceTree = "<group>"; };
		3DA24EF32C3BD42B00690E2E /* StartCustomTrainingViewModel.swift */ = {isa = PBXFileReference; lastKnownFileType = sourcecode.swift; path = StartCustomTrainingViewModel.swift; sourceTree = "<group>"; };
		3DA24EF52C3BD44600690E2E /* StartGymTrainingViewModel.swift */ = {isa = PBXFileReference; lastKnownFileType = sourcecode.swift; path = StartGymTrainingViewModel.swift; sourceTree = "<group>"; };
		3DF007B22C074AE700ECE37C /* Exercise.swift */ = {isa = PBXFileReference; lastKnownFileType = sourcecode.swift; path = Exercise.swift; sourceTree = "<group>"; };
		3DF007BB2C086BD200ECE37C /* README.md */ = {isa = PBXFileReference; fileEncoding = 4; lastKnownFileType = net.daringfireball.markdown; path = README.md; sourceTree = "<group>"; };
		3DF007BF2C0B2A4F00ECE37C /* TrainingsView.swift */ = {isa = PBXFileReference; lastKnownFileType = sourcecode.swift; path = TrainingsView.swift; sourceTree = "<group>"; };
		3DF007C12C0B2AD600ECE37C /* MainView.swift */ = {isa = PBXFileReference; lastKnownFileType = sourcecode.swift; path = MainView.swift; sourceTree = "<group>"; };
		3DF007C42C0B2D5400ECE37C /* TrainingView.swift */ = {isa = PBXFileReference; lastKnownFileType = sourcecode.swift; path = TrainingView.swift; sourceTree = "<group>"; };
		3DF007C82C0C553B00ECE37C /* GymExerciseView.swift */ = {isa = PBXFileReference; lastKnownFileType = sourcecode.swift; path = GymExerciseView.swift; sourceTree = "<group>"; };
		3DF007CA2C0C56A100ECE37C /* CustomExerciseView.swift */ = {isa = PBXFileReference; lastKnownFileType = sourcecode.swift; path = CustomExerciseView.swift; sourceTree = "<group>"; };
		3DF0083C2C0F35B900ECE37C /* TrainingViewModel.swift */ = {isa = PBXFileReference; lastKnownFileType = sourcecode.swift; path = TrainingViewModel.swift; sourceTree = "<group>"; };
		3DF008402C1096A700ECE37C /* Training.xcdatamodel */ = {isa = PBXFileReference; lastKnownFileType = wrapper.xcdatamodel; path = Training.xcdatamodel; sourceTree = "<group>"; };
		3DF008442C10A76400ECE37C /* ExerciseListView.swift */ = {isa = PBXFileReference; lastKnownFileType = sourcecode.swift; path = ExerciseListView.swift; sourceTree = "<group>"; };
		3DF008462C11B13800ECE37C /* TrainingType.swift */ = {isa = PBXFileReference; lastKnownFileType = sourcecode.swift; path = TrainingType.swift; sourceTree = "<group>"; };
		3DF0084B2C11B59D00ECE37C /* KarateExerciseView.swift */ = {isa = PBXFileReference; lastKnownFileType = sourcecode.swift; path = KarateExerciseView.swift; sourceTree = "<group>"; };
/* End PBXFileReference section */

/* Begin PBXFrameworksBuildPhase section */
		3D7399992C047F2000B647C0 /* Frameworks */ = {
			isa = PBXFrameworksBuildPhase;
			buildActionMask = 2147483647;
			files = (
			);
			runOnlyForDeploymentPostprocessing = 0;
		};
		3D7399AB2C047F2200B647C0 /* Frameworks */ = {
			isa = PBXFrameworksBuildPhase;
			buildActionMask = 2147483647;
			files = (
				3D4691282C2AB7C200562934 /* InlineSnapshotTesting in Frameworks */,
				3D46912A2C2AB7C200562934 /* SnapshotTesting in Frameworks */,
			);
			runOnlyForDeploymentPostprocessing = 0;
		};
		3D7399B52C047F2200B647C0 /* Frameworks */ = {
			isa = PBXFrameworksBuildPhase;
			buildActionMask = 2147483647;
			files = (
			);
			runOnlyForDeploymentPostprocessing = 0;
		};
/* End PBXFrameworksBuildPhase section */

/* Begin PBXGroup section */
		3D0ABE9E2C22D9FB0074F6C9 /* StartTraining */ = {
			isa = PBXGroup;
			children = (
				3D0ABE922C1C33740074F6C9 /* StartTrainingView.swift */,
				3DA24EF22C3BD41300690E2E /* StartCustomTraining */,
				3DA24EF12C3BD40300690E2E /* StartGymTraining */,
				3DA24EF02C3BD3F300690E2E /* StartKarateTraining */,
			);
			path = StartTraining;
			sourceTree = "<group>";
		};
		3D13458A2C186AA1001EF46E /* Trainings */ = {
			isa = PBXGroup;
			children = (
				3D13458F2C18A7B3001EF46E /* TrainingsViewModel.swift */,
				3DF007BF2C0B2A4F00ECE37C /* TrainingsView.swift */,
				3D1345882C186336001EF46E /* TrainingCellView.swift */,
				3DF0083C2C0F35B900ECE37C /* TrainingViewModel.swift */,
				3DF007C42C0B2D5400ECE37C /* TrainingView.swift */,
			);
			path = Trainings;
			sourceTree = "<group>";
		};
		3D13458C2C18A4A8001EF46E /* Helpers */ = {
			isa = PBXGroup;
			children = (
				3D13458D2C18A4BD001EF46E /* ShareSheet.swift */,
				3D1345912C18E3AA001EF46E /* TrainingNotificationService.swift */,
				3D0ABE962C1DA6330074F6C9 /* TrainingNotificationObserver.swift */,
			);
			path = Helpers;
			sourceTree = "<group>";
		};
		3D7399932C047F2000B647C0 = {
			isa = PBXGroup;
			children = (
				3D0ABE982C217C8C0074F6C9 /* Localizable.xcstrings */,
				3DF007BB2C086BD200ECE37C /* README.md */,
				3D73999E2C047F2000B647C0 /* FPlanner */,
				3D7399B12C047F2200B647C0 /* FPlannerTests */,
				3D7399BB2C047F2200B647C0 /* FPlannerUITests */,
				3D73999D2C047F2000B647C0 /* Products */,
			);
			sourceTree = "<group>";
		};
		3D73999D2C047F2000B647C0 /* Products */ = {
			isa = PBXGroup;
			children = (
				3D73999C2C047F2000B647C0 /* FPlanner.app */,
				3D7399AE2C047F2200B647C0 /* FPlannerTests.xctest */,
				3D7399B82C047F2200B647C0 /* FPlannerUITests.xctest */,
			);
			name = Products;
			sourceTree = "<group>";
		};
		3D73999E2C047F2000B647C0 /* FPlanner */ = {
			isa = PBXGroup;
			children = (
				3D1345932C18F2B7001EF46E /* Info.plist */,
				3DF0083E2C0F367000ECE37C /* Model */,
				3D73999F2C047F2000B647C0 /* FPlannerApp.swift */,
				3D7399A12C047F2000B647C0 /* ContentView.swift */,
				3DF007C12C0B2AD600ECE37C /* MainView.swift */,
				3D0ABE9E2C22D9FB0074F6C9 /* StartTraining */,
				3D13458A2C186AA1001EF46E /* Trainings */,
				3DF008482C11B56B00ECE37C /* Exercises */,
				3D13458C2C18A4A8001EF46E /* Helpers */,
				3D7399A52C047F2200B647C0 /* Assets.xcassets */,
				3D7399A72C047F2200B647C0 /* Preview Content */,
			);
			path = FPlanner;
			sourceTree = "<group>";
		};
		3D7399A72C047F2200B647C0 /* Preview Content */ = {
			isa = PBXGroup;
			children = (
				3D7399A82C047F2200B647C0 /* Preview Assets.xcassets */,
			);
			path = "Preview Content";
			sourceTree = "<group>";
		};
		3D7399B12C047F2200B647C0 /* FPlannerTests */ = {
			isa = PBXGroup;
			children = (
				3D46912D2C2ABF4900562934 /* Snapshots */,
				3D7399B22C047F2200B647C0 /* FPlannerTests.swift */,
				3D46912B2C2AB7DC00562934 /* Snapshots.swift */,
			);
			path = FPlannerTests;
			sourceTree = "<group>";
		};
		3D7399BB2C047F2200B647C0 /* FPlannerUITests */ = {
			isa = PBXGroup;
			children = (
				3D7399BC2C047F2200B647C0 /* FPlannerUITests.swift */,
				3D7399BE2C047F2200B647C0 /* FPlannerUITestsLaunchTests.swift */,
			);
			path = FPlannerUITests;
			sourceTree = "<group>";
		};
		3DA24EF02C3BD3F300690E2E /* StartKarateTraining */ = {
			isa = PBXGroup;
			children = (
				3DA24EEE2C3BCDE900690E2E /* StartKarateTrainingViewModel.swift */,
				3D0ABE9F2C22DBD30074F6C9 /* StartKarateTrainingView.swift */,
			);
			path = StartKarateTraining;
			sourceTree = "<group>";
		};
		3DA24EF12C3BD40300690E2E /* StartGymTraining */ = {
			isa = PBXGroup;
			children = (
				3D0ABE9C2C2219560074F6C9 /* StartGymTrainingView.swift */,
				3DA24EF52C3BD44600690E2E /* StartGymTrainingViewModel.swift */,
			);
			path = StartGymTraining;
			sourceTree = "<group>";
		};
		3DA24EF22C3BD41300690E2E /* StartCustomTraining */ = {
			isa = PBXGroup;
			children = (
				3D0ABEA12C22DBE00074F6C9 /* StartCustomTrainingView.swift */,
				3DA24EF32C3BD42B00690E2E /* StartCustomTrainingViewModel.swift */,
			);
			path = StartCustomTraining;
			sourceTree = "<group>";
		};
		3DF0083E2C0F367000ECE37C /* Model */ = {
			isa = PBXGroup;
			children = (
				3DF0083F2C1096A700ECE37C /* Training.xcdatamodeld */,
				3D7399A32C047F2000B647C0 /* Training.swift */,
				3DF008462C11B13800ECE37C /* TrainingType.swift */,
				3DF007B22C074AE700ECE37C /* Exercise.swift */,
			);
			path = Model;
			sourceTree = "<group>";
		};
		3DF008482C11B56B00ECE37C /* Exercises */ = {
			isa = PBXGroup;
			children = (
				3DF008442C10A76400ECE37C /* ExerciseListView.swift */,
				3DF007C82C0C553B00ECE37C /* GymExerciseView.swift */,
				3DF007CA2C0C56A100ECE37C /* CustomExerciseView.swift */,
				3DF0084B2C11B59D00ECE37C /* KarateExerciseView.swift */,
			);
			path = Exercises;
			sourceTree = "<group>";
		};
/* End PBXGroup section */

/* Begin PBXNativeTarget section */
		3D73999B2C047F2000B647C0 /* FPlanner */ = {
			isa = PBXNativeTarget;
			buildConfigurationList = 3D7399C22C047F2200B647C0 /* Build configuration list for PBXNativeTarget "FPlanner" */;
			buildPhases = (
				3D7399982C047F2000B647C0 /* Sources */,
				3D7399992C047F2000B647C0 /* Frameworks */,
				3D73999A2C047F2000B647C0 /* Resources */,
			);
			buildRules = (
			);
			dependencies = (
			);
			name = FPlanner;
			productName = FPlanner;
			productReference = 3D73999C2C047F2000B647C0 /* FPlanner.app */;
			productType = "com.apple.product-type.application";
		};
		3D7399AD2C047F2200B647C0 /* FPlannerTests */ = {
			isa = PBXNativeTarget;
			buildConfigurationList = 3D7399C52C047F2200B647C0 /* Build configuration list for PBXNativeTarget "FPlannerTests" */;
			buildPhases = (
				3D7399AA2C047F2200B647C0 /* Sources */,
				3D7399AB2C047F2200B647C0 /* Frameworks */,
				3D7399AC2C047F2200B647C0 /* Resources */,
			);
			buildRules = (
			);
			dependencies = (
				3D7399B02C047F2200B647C0 /* PBXTargetDependency */,
			);
			name = FPlannerTests;
			packageProductDependencies = (
				3D4691272C2AB7C200562934 /* InlineSnapshotTesting */,
				3D4691292C2AB7C200562934 /* SnapshotTesting */,
			);
			productName = FPlannerTests;
			productReference = 3D7399AE2C047F2200B647C0 /* FPlannerTests.xctest */;
			productType = "com.apple.product-type.bundle.unit-test";
		};
		3D7399B72C047F2200B647C0 /* FPlannerUITests */ = {
			isa = PBXNativeTarget;
			buildConfigurationList = 3D7399C82C047F2200B647C0 /* Build configuration list for PBXNativeTarget "FPlannerUITests" */;
			buildPhases = (
				3D7399B42C047F2200B647C0 /* Sources */,
				3D7399B52C047F2200B647C0 /* Frameworks */,
				3D7399B62C047F2200B647C0 /* Resources */,
			);
			buildRules = (
			);
			dependencies = (
				3D7399BA2C047F2200B647C0 /* PBXTargetDependency */,
			);
			name = FPlannerUITests;
			productName = FPlannerUITests;
			productReference = 3D7399B82C047F2200B647C0 /* FPlannerUITests.xctest */;
			productType = "com.apple.product-type.bundle.ui-testing";
		};
/* End PBXNativeTarget section */

/* Begin PBXProject section */
		3D7399942C047F2000B647C0 /* Project object */ = {
			isa = PBXProject;
			attributes = {
				BuildIndependentTargetsInParallel = 1;
				LastSwiftUpdateCheck = 1530;
				LastUpgradeCheck = 1530;
				TargetAttributes = {
					3D73999B2C047F2000B647C0 = {
						CreatedOnToolsVersion = 15.3;
					};
					3D7399AD2C047F2200B647C0 = {
						CreatedOnToolsVersion = 15.3;
						TestTargetID = 3D73999B2C047F2000B647C0;
					};
					3D7399B72C047F2200B647C0 = {
						CreatedOnToolsVersion = 15.3;
						TestTargetID = 3D73999B2C047F2000B647C0;
					};
				};
			};
			buildConfigurationList = 3D7399972C047F2000B647C0 /* Build configuration list for PBXProject "FPlanner" */;
			compatibilityVersion = "Xcode 14.0";
			developmentRegion = en;
			hasScannedForEncodings = 0;
			knownRegions = (
				en,
				Base,
			);
			mainGroup = 3D7399932C047F2000B647C0;
			packageReferences = (
				3D4691262C2AB7C100562934 /* XCRemoteSwiftPackageReference "swift-snapshot-testing" */,
			);
			productRefGroup = 3D73999D2C047F2000B647C0 /* Products */;
			projectDirPath = "";
			projectRoot = "";
			targets = (
				3D73999B2C047F2000B647C0 /* FPlanner */,
				3D7399AD2C047F2200B647C0 /* FPlannerTests */,
				3D7399B72C047F2200B647C0 /* FPlannerUITests */,
			);
		};
/* End PBXProject section */

/* Begin PBXResourcesBuildPhase section */
		3D73999A2C047F2000B647C0 /* Resources */ = {
			isa = PBXResourcesBuildPhase;
			buildActionMask = 2147483647;
			files = (
				3DF007BC2C086BD200ECE37C /* README.md in Resources */,
				3D7399A92C047F2200B647C0 /* Preview Assets.xcassets in Resources */,
				3D0ABE992C217C8C0074F6C9 /* Localizable.xcstrings in Resources */,
				3D7399A62C047F2200B647C0 /* Assets.xcassets in Resources */,
			);
			runOnlyForDeploymentPostprocessing = 0;
		};
		3D7399AC2C047F2200B647C0 /* Resources */ = {
			isa = PBXResourcesBuildPhase;
			buildActionMask = 2147483647;
			files = (
				3D46912E2C2ABF4900562934 /* Snapshots in Resources */,
			);
			runOnlyForDeploymentPostprocessing = 0;
		};
		3D7399B62C047F2200B647C0 /* Resources */ = {
			isa = PBXResourcesBuildPhase;
			buildActionMask = 2147483647;
			files = (
			);
			runOnlyForDeploymentPostprocessing = 0;
		};
/* End PBXResourcesBuildPhase section */

/* Begin PBXSourcesBuildPhase section */
		3D7399982C047F2000B647C0 /* Sources */ = {
			isa = PBXSourcesBuildPhase;
			buildActionMask = 2147483647;
			files = (
				3DF008412C1096A700ECE37C /* Training.xcdatamodeld in Sources */,
				3DA24EF42C3BD42B00690E2E /* StartCustomTrainingViewModel.swift in Sources */,
				3DF0083D2C0F35B900ECE37C /* TrainingViewModel.swift in Sources */,
				3DF007C22C0B2AD600ECE37C /* MainView.swift in Sources */,
				3DF007B32C074AE700ECE37C /* Exercise.swift in Sources */,
				3D1345892C186336001EF46E /* TrainingCellView.swift in Sources */,
				3DF008452C10A76400ECE37C /* ExerciseListView.swift in Sources */,
				3D1345922C18E3AA001EF46E /* TrainingNotificationService.swift in Sources */,
				3DF007CB2C0C56A100ECE37C /* CustomExerciseView.swift in Sources */,
				3DA24EF62C3BD44600690E2E /* StartGymTrainingViewModel.swift in Sources */,
				3D0ABEA22C22DBE00074F6C9 /* StartCustomTrainingView.swift in Sources */,
				3D0ABE972C1DA6330074F6C9 /* TrainingNotificationObserver.swift in Sources */,
				3D13458E2C18A4BD001EF46E /* ShareSheet.swift in Sources */,
				3DF008472C11B13800ECE37C /* TrainingType.swift in Sources */,
				3DF007C02C0B2A4F00ECE37C /* TrainingsView.swift in Sources */,
				3D0ABE9D2C2219560074F6C9 /* StartGymTrainingView.swift in Sources */,
				3DF007C52C0B2D5400ECE37C /* TrainingView.swift in Sources */,
				3DA24EEF2C3BCDE900690E2E /* StartKarateTrainingViewModel.swift in Sources */,
				3D7399A22C047F2000B647C0 /* ContentView.swift in Sources */,
				3D7399A42C047F2000B647C0 /* Training.swift in Sources */,
				3D0ABE932C1C33740074F6C9 /* StartTrainingView.swift in Sources */,
				3D1345902C18A7B3001EF46E /* TrainingsViewModel.swift in Sources */,
				3DF007C92C0C553C00ECE37C /* GymExerciseView.swift in Sources */,
				3DF0084C2C11B59D00ECE37C /* KarateExerciseView.swift in Sources */,
				3D7399A02C047F2000B647C0 /* FPlannerApp.swift in Sources */,
				3D0ABEA02C22DBD40074F6C9 /* StartKarateTrainingView.swift in Sources */,
			);
			runOnlyForDeploymentPostprocessing = 0;
		};
		3D7399AA2C047F2200B647C0 /* Sources */ = {
			isa = PBXSourcesBuildPhase;
			buildActionMask = 2147483647;
			files = (
				3D7399B32C047F2200B647C0 /* FPlannerTests.swift in Sources */,
				3D46912C2C2AB7DC00562934 /* Snapshots.swift in Sources */,
			);
			runOnlyForDeploymentPostprocessing = 0;
		};
		3D7399B42C047F2200B647C0 /* Sources */ = {
			isa = PBXSourcesBuildPhase;
			buildActionMask = 2147483647;
			files = (
				3D7399BF2C047F2200B647C0 /* FPlannerUITestsLaunchTests.swift in Sources */,
				3D7399BD2C047F2200B647C0 /* FPlannerUITests.swift in Sources */,
			);
			runOnlyForDeploymentPostprocessing = 0;
		};
/* End PBXSourcesBuildPhase section */

/* Begin PBXTargetDependency section */
		3D7399B02C047F2200B647C0 /* PBXTargetDependency */ = {
			isa = PBXTargetDependency;
			target = 3D73999B2C047F2000B647C0 /* FPlanner */;
			targetProxy = 3D7399AF2C047F2200B647C0 /* PBXContainerItemProxy */;
		};
		3D7399BA2C047F2200B647C0 /* PBXTargetDependency */ = {
			isa = PBXTargetDependency;
			target = 3D73999B2C047F2000B647C0 /* FPlanner */;
			targetProxy = 3D7399B92C047F2200B647C0 /* PBXContainerItemProxy */;
		};
/* End PBXTargetDependency section */

/* Begin XCBuildConfiguration section */
		3D7399C02C047F2200B647C0 /* Debug */ = {
			isa = XCBuildConfiguration;
			buildSettings = {
				ALWAYS_SEARCH_USER_PATHS = NO;
				ASSETCATALOG_COMPILER_GENERATE_SWIFT_ASSET_SYMBOL_EXTENSIONS = YES;
				CLANG_ANALYZER_NONNULL = YES;
				CLANG_ANALYZER_NUMBER_OBJECT_CONVERSION = YES_AGGRESSIVE;
				CLANG_CXX_LANGUAGE_STANDARD = "gnu++20";
				CLANG_ENABLE_MODULES = YES;
				CLANG_ENABLE_OBJC_ARC = YES;
				CLANG_ENABLE_OBJC_WEAK = YES;
				CLANG_WARN_BLOCK_CAPTURE_AUTORELEASING = YES;
				CLANG_WARN_BOOL_CONVERSION = YES;
				CLANG_WARN_COMMA = YES;
				CLANG_WARN_CONSTANT_CONVERSION = YES;
				CLANG_WARN_DEPRECATED_OBJC_IMPLEMENTATIONS = YES;
				CLANG_WARN_DIRECT_OBJC_ISA_USAGE = YES_ERROR;
				CLANG_WARN_DOCUMENTATION_COMMENTS = YES;
				CLANG_WARN_EMPTY_BODY = YES;
				CLANG_WARN_ENUM_CONVERSION = YES;
				CLANG_WARN_INFINITE_RECURSION = YES;
				CLANG_WARN_INT_CONVERSION = YES;
				CLANG_WARN_NON_LITERAL_NULL_CONVERSION = YES;
				CLANG_WARN_OBJC_IMPLICIT_RETAIN_SELF = YES;
				CLANG_WARN_OBJC_LITERAL_CONVERSION = YES;
				CLANG_WARN_OBJC_ROOT_CLASS = YES_ERROR;
				CLANG_WARN_QUOTED_INCLUDE_IN_FRAMEWORK_HEADER = YES;
				CLANG_WARN_RANGE_LOOP_ANALYSIS = YES;
				CLANG_WARN_STRICT_PROTOTYPES = YES;
				CLANG_WARN_SUSPICIOUS_MOVE = YES;
				CLANG_WARN_UNGUARDED_AVAILABILITY = YES_AGGRESSIVE;
				CLANG_WARN_UNREACHABLE_CODE = YES;
				CLANG_WARN__DUPLICATE_METHOD_MATCH = YES;
				COPY_PHASE_STRIP = NO;
				DEBUG_INFORMATION_FORMAT = dwarf;
				ENABLE_STRICT_OBJC_MSGSEND = YES;
				ENABLE_TESTABILITY = YES;
				ENABLE_USER_SCRIPT_SANDBOXING = YES;
				GCC_C_LANGUAGE_STANDARD = gnu17;
				GCC_DYNAMIC_NO_PIC = NO;
				GCC_NO_COMMON_BLOCKS = YES;
				GCC_OPTIMIZATION_LEVEL = 0;
				GCC_PREPROCESSOR_DEFINITIONS = (
					"DEBUG=1",
					"$(inherited)",
				);
				GCC_WARN_64_TO_32_BIT_CONVERSION = YES;
				GCC_WARN_ABOUT_RETURN_TYPE = YES_ERROR;
				GCC_WARN_UNDECLARED_SELECTOR = YES;
				GCC_WARN_UNINITIALIZED_AUTOS = YES_AGGRESSIVE;
				GCC_WARN_UNUSED_FUNCTION = YES;
				GCC_WARN_UNUSED_VARIABLE = YES;
				IPHONEOS_DEPLOYMENT_TARGET = 17.4;
				LOCALIZATION_PREFERS_STRING_CATALOGS = YES;
				MTL_ENABLE_DEBUG_INFO = INCLUDE_SOURCE;
				MTL_FAST_MATH = YES;
				ONLY_ACTIVE_ARCH = YES;
				SDKROOT = iphoneos;
				SWIFT_ACTIVE_COMPILATION_CONDITIONS = "DEBUG $(inherited)";
				SWIFT_OPTIMIZATION_LEVEL = "-Onone";
				SWIFT_VERSION = 5.0;
			};
			name = Debug;
		};
		3D7399C12C047F2200B647C0 /* Release */ = {
			isa = XCBuildConfiguration;
			buildSettings = {
				ALWAYS_SEARCH_USER_PATHS = NO;
				ASSETCATALOG_COMPILER_GENERATE_SWIFT_ASSET_SYMBOL_EXTENSIONS = YES;
				CLANG_ANALYZER_NONNULL = YES;
				CLANG_ANALYZER_NUMBER_OBJECT_CONVERSION = YES_AGGRESSIVE;
				CLANG_CXX_LANGUAGE_STANDARD = "gnu++20";
				CLANG_ENABLE_MODULES = YES;
				CLANG_ENABLE_OBJC_ARC = YES;
				CLANG_ENABLE_OBJC_WEAK = YES;
				CLANG_WARN_BLOCK_CAPTURE_AUTORELEASING = YES;
				CLANG_WARN_BOOL_CONVERSION = YES;
				CLANG_WARN_COMMA = YES;
				CLANG_WARN_CONSTANT_CONVERSION = YES;
				CLANG_WARN_DEPRECATED_OBJC_IMPLEMENTATIONS = YES;
				CLANG_WARN_DIRECT_OBJC_ISA_USAGE = YES_ERROR;
				CLANG_WARN_DOCUMENTATION_COMMENTS = YES;
				CLANG_WARN_EMPTY_BODY = YES;
				CLANG_WARN_ENUM_CONVERSION = YES;
				CLANG_WARN_INFINITE_RECURSION = YES;
				CLANG_WARN_INT_CONVERSION = YES;
				CLANG_WARN_NON_LITERAL_NULL_CONVERSION = YES;
				CLANG_WARN_OBJC_IMPLICIT_RETAIN_SELF = YES;
				CLANG_WARN_OBJC_LITERAL_CONVERSION = YES;
				CLANG_WARN_OBJC_ROOT_CLASS = YES_ERROR;
				CLANG_WARN_QUOTED_INCLUDE_IN_FRAMEWORK_HEADER = YES;
				CLANG_WARN_RANGE_LOOP_ANALYSIS = YES;
				CLANG_WARN_STRICT_PROTOTYPES = YES;
				CLANG_WARN_SUSPICIOUS_MOVE = YES;
				CLANG_WARN_UNGUARDED_AVAILABILITY = YES_AGGRESSIVE;
				CLANG_WARN_UNREACHABLE_CODE = YES;
				CLANG_WARN__DUPLICATE_METHOD_MATCH = YES;
				COPY_PHASE_STRIP = NO;
				DEBUG_INFORMATION_FORMAT = "dwarf-with-dsym";
				ENABLE_NS_ASSERTIONS = NO;
				ENABLE_STRICT_OBJC_MSGSEND = YES;
				ENABLE_USER_SCRIPT_SANDBOXING = YES;
				GCC_C_LANGUAGE_STANDARD = gnu17;
				GCC_NO_COMMON_BLOCKS = YES;
				GCC_WARN_64_TO_32_BIT_CONVERSION = YES;
				GCC_WARN_ABOUT_RETURN_TYPE = YES_ERROR;
				GCC_WARN_UNDECLARED_SELECTOR = YES;
				GCC_WARN_UNINITIALIZED_AUTOS = YES_AGGRESSIVE;
				GCC_WARN_UNUSED_FUNCTION = YES;
				GCC_WARN_UNUSED_VARIABLE = YES;
				IPHONEOS_DEPLOYMENT_TARGET = 17.4;
				LOCALIZATION_PREFERS_STRING_CATALOGS = YES;
				MTL_ENABLE_DEBUG_INFO = NO;
				MTL_FAST_MATH = YES;
				SDKROOT = iphoneos;
				SWIFT_COMPILATION_MODE = wholemodule;
				SWIFT_VERSION = 5.0;
				VALIDATE_PRODUCT = YES;
			};
			name = Release;
		};
		3D7399C32C047F2200B647C0 /* Debug */ = {
			isa = XCBuildConfiguration;
			buildSettings = {
				ASSETCATALOG_COMPILER_APPICON_NAME = AppIcon;
				ASSETCATALOG_COMPILER_GLOBAL_ACCENT_COLOR_NAME = AccentColor;
				CODE_SIGN_STYLE = Automatic;
				CURRENT_PROJECT_VERSION = 1;
				DEVELOPMENT_ASSET_PATHS = "\"FPlanner/Preview Content\"";
				DEVELOPMENT_TEAM = JTFGBB347S;
				ENABLE_PREVIEWS = YES;
				GENERATE_INFOPLIST_FILE = YES;
				INFOPLIST_FILE = FPlanner/Info.plist;
				INFOPLIST_KEY_UIApplicationSceneManifest_Generation = YES;
				INFOPLIST_KEY_UIApplicationSupportsIndirectInputEvents = YES;
				INFOPLIST_KEY_UILaunchScreen_Generation = YES;
				INFOPLIST_KEY_UISupportedInterfaceOrientations_iPad = "UIInterfaceOrientationPortrait UIInterfaceOrientationPortraitUpsideDown UIInterfaceOrientationLandscapeLeft UIInterfaceOrientationLandscapeRight";
				INFOPLIST_KEY_UISupportedInterfaceOrientations_iPhone = "UIInterfaceOrientationPortrait UIInterfaceOrientationLandscapeLeft UIInterfaceOrientationLandscapeRight";
				LD_RUNPATH_SEARCH_PATHS = (
					"$(inherited)",
					"@executable_path/Frameworks",
				);
				MARKETING_VERSION = 1.0;
				PRODUCT_BUNDLE_IDENTIFIER = com.fke.FPlanner;
				PRODUCT_NAME = "$(TARGET_NAME)";
				SWIFT_EMIT_LOC_STRINGS = YES;
				SWIFT_VERSION = 5.0;
				TARGETED_DEVICE_FAMILY = "1,2";
			};
			name = Debug;
		};
		3D7399C42C047F2200B647C0 /* Release */ = {
			isa = XCBuildConfiguration;
			buildSettings = {
				ASSETCATALOG_COMPILER_APPICON_NAME = AppIcon;
				ASSETCATALOG_COMPILER_GLOBAL_ACCENT_COLOR_NAME = AccentColor;
				CODE_SIGN_STYLE = Automatic;
				CURRENT_PROJECT_VERSION = 1;
				DEVELOPMENT_ASSET_PATHS = "\"FPlanner/Preview Content\"";
				DEVELOPMENT_TEAM = JTFGBB347S;
				ENABLE_PREVIEWS = YES;
				GENERATE_INFOPLIST_FILE = YES;
				INFOPLIST_FILE = FPlanner/Info.plist;
				INFOPLIST_KEY_UIApplicationSceneManifest_Generation = YES;
				INFOPLIST_KEY_UIApplicationSupportsIndirectInputEvents = YES;
				INFOPLIST_KEY_UILaunchScreen_Generation = YES;
				INFOPLIST_KEY_UISupportedInterfaceOrientations_iPad = "UIInterfaceOrientationPortrait UIInterfaceOrientationPortraitUpsideDown UIInterfaceOrientationLandscapeLeft UIInterfaceOrientationLandscapeRight";
				INFOPLIST_KEY_UISupportedInterfaceOrientations_iPhone = "UIInterfaceOrientationPortrait UIInterfaceOrientationLandscapeLeft UIInterfaceOrientationLandscapeRight";
				LD_RUNPATH_SEARCH_PATHS = (
					"$(inherited)",
					"@executable_path/Frameworks",
				);
				MARKETING_VERSION = 1.0;
				PRODUCT_BUNDLE_IDENTIFIER = com.fke.FPlanner;
				PRODUCT_NAME = "$(TARGET_NAME)";
				SWIFT_EMIT_LOC_STRINGS = YES;
				SWIFT_VERSION = 5.0;
				TARGETED_DEVICE_FAMILY = "1,2";
			};
			name = Release;
		};
		3D7399C62C047F2200B647C0 /* Debug */ = {
			isa = XCBuildConfiguration;
			buildSettings = {
				ALWAYS_EMBED_SWIFT_STANDARD_LIBRARIES = YES;
				BUNDLE_LOADER = "$(TEST_HOST)";
				CODE_SIGN_STYLE = Automatic;
				CURRENT_PROJECT_VERSION = 1;
				GENERATE_INFOPLIST_FILE = YES;
				IPHONEOS_DEPLOYMENT_TARGET = 17.4;
				MARKETING_VERSION = 1.0;
				PRODUCT_BUNDLE_IDENTIFIER = com.fke.FPlannerTests;
				PRODUCT_NAME = "$(TARGET_NAME)";
				SWIFT_EMIT_LOC_STRINGS = NO;
				SWIFT_VERSION = 5.0;
				TARGETED_DEVICE_FAMILY = "1,2";
				TEST_HOST = "$(BUILT_PRODUCTS_DIR)/FPlanner.app/$(BUNDLE_EXECUTABLE_FOLDER_PATH)/FPlanner";
			};
			name = Debug;
		};
		3D7399C72C047F2200B647C0 /* Release */ = {
			isa = XCBuildConfiguration;
			buildSettings = {
				ALWAYS_EMBED_SWIFT_STANDARD_LIBRARIES = YES;
				BUNDLE_LOADER = "$(TEST_HOST)";
				CODE_SIGN_STYLE = Automatic;
				CURRENT_PROJECT_VERSION = 1;
				GENERATE_INFOPLIST_FILE = YES;
				IPHONEOS_DEPLOYMENT_TARGET = 17.4;
				MARKETING_VERSION = 1.0;
				PRODUCT_BUNDLE_IDENTIFIER = com.fke.FPlannerTests;
				PRODUCT_NAME = "$(TARGET_NAME)";
				SWIFT_EMIT_LOC_STRINGS = NO;
				SWIFT_VERSION = 5.0;
				TARGETED_DEVICE_FAMILY = "1,2";
				TEST_HOST = "$(BUILT_PRODUCTS_DIR)/FPlanner.app/$(BUNDLE_EXECUTABLE_FOLDER_PATH)/FPlanner";
			};
			name = Release;
		};
		3D7399C92C047F2200B647C0 /* Debug */ = {
			isa = XCBuildConfiguration;
			buildSettings = {
				ALWAYS_EMBED_SWIFT_STANDARD_LIBRARIES = YES;
				CODE_SIGN_STYLE = Automatic;
				CURRENT_PROJECT_VERSION = 1;
				GENERATE_INFOPLIST_FILE = YES;
				MARKETING_VERSION = 1.0;
				PRODUCT_BUNDLE_IDENTIFIER = com.fke.FPlannerUITests;
				PRODUCT_NAME = "$(TARGET_NAME)";
				SWIFT_EMIT_LOC_STRINGS = NO;
				SWIFT_VERSION = 5.0;
				TARGETED_DEVICE_FAMILY = "1,2";
				TEST_TARGET_NAME = FPlanner;
			};
			name = Debug;
		};
		3D7399CA2C047F2200B647C0 /* Release */ = {
			isa = XCBuildConfiguration;
			buildSettings = {
				ALWAYS_EMBED_SWIFT_STANDARD_LIBRARIES = YES;
				CODE_SIGN_STYLE = Automatic;
				CURRENT_PROJECT_VERSION = 1;
				GENERATE_INFOPLIST_FILE = YES;
				MARKETING_VERSION = 1.0;
				PRODUCT_BUNDLE_IDENTIFIER = com.fke.FPlannerUITests;
				PRODUCT_NAME = "$(TARGET_NAME)";
				SWIFT_EMIT_LOC_STRINGS = NO;
				SWIFT_VERSION = 5.0;
				TARGETED_DEVICE_FAMILY = "1,2";
				TEST_TARGET_NAME = FPlanner;
			};
			name = Release;
		};
/* End XCBuildConfiguration section */

/* Begin XCConfigurationList section */
		3D7399972C047F2000B647C0 /* Build configuration list for PBXProject "FPlanner" */ = {
			isa = XCConfigurationList;
			buildConfigurations = (
				3D7399C02C047F2200B647C0 /* Debug */,
				3D7399C12C047F2200B647C0 /* Release */,
			);
			defaultConfigurationIsVisible = 0;
			defaultConfigurationName = Release;
		};
		3D7399C22C047F2200B647C0 /* Build configuration list for PBXNativeTarget "FPlanner" */ = {
			isa = XCConfigurationList;
			buildConfigurations = (
				3D7399C32C047F2200B647C0 /* Debug */,
				3D7399C42C047F2200B647C0 /* Release */,
			);
			defaultConfigurationIsVisible = 0;
			defaultConfigurationName = Release;
		};
		3D7399C52C047F2200B647C0 /* Build configuration list for PBXNativeTarget "FPlannerTests" */ = {
			isa = XCConfigurationList;
			buildConfigurations = (
				3D7399C62C047F2200B647C0 /* Debug */,
				3D7399C72C047F2200B647C0 /* Release */,
			);
			defaultConfigurationIsVisible = 0;
			defaultConfigurationName = Release;
		};
		3D7399C82C047F2200B647C0 /* Build configuration list for PBXNativeTarget "FPlannerUITests" */ = {
			isa = XCConfigurationList;
			buildConfigurations = (
				3D7399C92C047F2200B647C0 /* Debug */,
				3D7399CA2C047F2200B647C0 /* Release */,
			);
			defaultConfigurationIsVisible = 0;
			defaultConfigurationName = Release;
		};
/* End XCConfigurationList section */

/* Begin XCRemoteSwiftPackageReference section */
		3D4691262C2AB7C100562934 /* XCRemoteSwiftPackageReference "swift-snapshot-testing" */ = {
			isa = XCRemoteSwiftPackageReference;
			repositoryURL = "https://github.com/pointfreeco/swift-snapshot-testing";
			requirement = {
				kind = upToNextMajorVersion;
				minimumVersion = 1.16.1;
			};
		};
/* End XCRemoteSwiftPackageReference section */

/* Begin XCSwiftPackageProductDependency section */
		3D4691272C2AB7C200562934 /* InlineSnapshotTesting */ = {
			isa = XCSwiftPackageProductDependency;
			package = 3D4691262C2AB7C100562934 /* XCRemoteSwiftPackageReference "swift-snapshot-testing" */;
			productName = InlineSnapshotTesting;
		};
		3D4691292C2AB7C200562934 /* SnapshotTesting */ = {
			isa = XCSwiftPackageProductDependency;
			package = 3D4691262C2AB7C100562934 /* XCRemoteSwiftPackageReference "swift-snapshot-testing" */;
			productName = SnapshotTesting;
		};
/* End XCSwiftPackageProductDependency section */

/* Begin XCVersionGroup section */
		3DF0083F2C1096A700ECE37C /* Training.xcdatamodeld */ = {
			isa = XCVersionGroup;
			children = (
				3DF008402C1096A700ECE37C /* Training.xcdatamodel */,
			);
			currentVersion = 3DF008402C1096A700ECE37C /* Training.xcdatamodel */;
			path = Training.xcdatamodeld;
			sourceTree = "<group>";
			versionGroupType = wrapper.xcdatamodel;
		};
/* End XCVersionGroup section */
	};
	rootObject = 3D7399942C047F2000B647C0 /* Project object */;
}
